// !$*UTF8*$!
{
	archiveVersion = 1;
	classes = {
	};
	objectVersion = 56;
	objects = {

/* Begin PBXBuildFile section */
		4B6E64C4F6112F59AEEA7AA9 /* Pods_swift_firebase_auth.framework in Frameworks */ = {isa = PBXBuildFile; fileRef = B6C441C6E5E5BE67D80DA5B1 /* Pods_swift_firebase_auth.framework */; };
		DD22A6062CBFF36C0097C759 /* AppDelegate.swift in Sources */ = {isa = PBXBuildFile; fileRef = DD22A5FE2CBFF36C0097C759 /* AppDelegate.swift */; };
		DD22A6072CBFF36C0097C759 /* LoginScreen.swift in Sources */ = {isa = PBXBuildFile; fileRef = DD22A6022CBFF36C0097C759 /* LoginScreen.swift */; };
		DD22A6082CBFF36C0097C759 /* LoginVC.swift in Sources */ = {isa = PBXBuildFile; fileRef = DD22A6032CBFF36C0097C759 /* LoginVC.swift */; };
		DD22A6092CBFF36C0097C759 /* SceneDelegate.swift in Sources */ = {isa = PBXBuildFile; fileRef = DD22A6042CBFF36C0097C759 /* SceneDelegate.swift */; };
		DD22A60A2CBFF36C0097C759 /* Assets.xcassets in Resources */ = {isa = PBXBuildFile; fileRef = DD22A5FF2CBFF36C0097C759 /* Assets.xcassets */; };
		DD22A60B2CBFF36C0097C759 /* GoogleService-Info.plist in Resources */ = {isa = PBXBuildFile; fileRef = DD22A6002CBFF36C0097C759 /* GoogleService-Info.plist */; };
		DD23C6DB2CE62B01003707CC /* Validator.swift in Sources */ = {isa = PBXBuildFile; fileRef = DD23C6DA2CE62B01003707CC /* Validator.swift */; };
		DD3E57FC2CCFD5BC003AE655 /* HomeScreen.swift in Sources */ = {isa = PBXBuildFile; fileRef = DD3E57FB2CCFD5BC003AE655 /* HomeScreen.swift */; };
		DD3E57FE2CCFD797003AE655 /* HomeVC.swift in Sources */ = {isa = PBXBuildFile; fileRef = DD3E57FD2CCFD797003AE655 /* HomeVC.swift */; };
		DD52C9D22CE62017002F8FE7 /* AlertManager.swift in Sources */ = {isa = PBXBuildFile; fileRef = DD52C9D12CE62017002F8FE7 /* AlertManager.swift */; };
		DD7A9DA32CE9B4EB002E0F1A /* User.swift in Sources */ = {isa = PBXBuildFile; fileRef = DD7A9DA22CE9B4EB002E0F1A /* User.swift */; };
		DD97E7712CC15A1B000CADEE /* SignInUserRequest.swift in Sources */ = {isa = PBXBuildFile; fileRef = DD97E7702CC15A1B000CADEE /* SignInUserRequest.swift */; };
		DD98FF772CBFFD630077487C /* AuthService.swift in Sources */ = {isa = PBXBuildFile; fileRef = DD98FF762CBFFD630077487C /* AuthService.swift */; };
		DD98FF7B2CBFFE910077487C /* RegisterUserRequest.swift in Sources */ = {isa = PBXBuildFile; fileRef = DD98FF7A2CBFFE910077487C /* RegisterUserRequest.swift */; };
		DDCA51902CC687490040868E /* SignUpScreen.swift in Sources */ = {isa = PBXBuildFile; fileRef = DDCA518F2CC687490040868E /* SignUpScreen.swift */; };
		DDCA51922CC687D40040868E /* SignUpVC.swift in Sources */ = {isa = PBXBuildFile; fileRef = DDCA51912CC687D40040868E /* SignUpVC.swift */; };
		DDD839E82CC6B6170053CF48 /* RecoveryPasswordScreen.swift in Sources */ = {isa = PBXBuildFile; fileRef = DDD839E72CC6B6170053CF48 /* RecoveryPasswordScreen.swift */; };
		DDD839EA2CC6B7520053CF48 /* RecoveryPasswordVC.swift in Sources */ = {isa = PBXBuildFile; fileRef = DDD839E92CC6B7520053CF48 /* RecoveryPasswordVC.swift */; };
/* End PBXBuildFile section */

/* Begin PBXFileReference section */
		B6C441C6E5E5BE67D80DA5B1 /* Pods_swift_firebase_auth.framework */ = {isa = PBXFileReference; explicitFileType = wrapper.framework; includeInIndex = 0; path = Pods_swift_firebase_auth.framework; sourceTree = BUILT_PRODUCTS_DIR; };
		D9050020F32E957B8BF29BEC /* Pods-swift-firebase-auth.debug.xcconfig */ = {isa = PBXFileReference; includeInIndex = 1; lastKnownFileType = text.xcconfig; name = "Pods-swift-firebase-auth.debug.xcconfig"; path = "Target Support Files/Pods-swift-firebase-auth/Pods-swift-firebase-auth.debug.xcconfig"; sourceTree = "<group>"; };
		DD22A5FE2CBFF36C0097C759 /* AppDelegate.swift */ = {isa = PBXFileReference; lastKnownFileType = sourcecode.swift; path = AppDelegate.swift; sourceTree = "<group>"; };
		DD22A5FF2CBFF36C0097C759 /* Assets.xcassets */ = {isa = PBXFileReference; lastKnownFileType = folder.assetcatalog; path = Assets.xcassets; sourceTree = "<group>"; };
		DD22A6002CBFF36C0097C759 /* GoogleService-Info.plist */ = {isa = PBXFileReference; lastKnownFileType = text.plist.xml; path = "GoogleService-Info.plist"; sourceTree = "<group>"; };
		DD22A6012CBFF36C0097C759 /* Info.plist */ = {isa = PBXFileReference; lastKnownFileType = text.plist.xml; path = Info.plist; sourceTree = "<group>"; };
		DD22A6022CBFF36C0097C759 /* LoginScreen.swift */ = {isa = PBXFileReference; lastKnownFileType = sourcecode.swift; path = LoginScreen.swift; sourceTree = "<group>"; };
		DD22A6032CBFF36C0097C759 /* LoginVC.swift */ = {isa = PBXFileReference; lastKnownFileType = sourcecode.swift; path = LoginVC.swift; sourceTree = "<group>"; };
		DD22A6042CBFF36C0097C759 /* SceneDelegate.swift */ = {isa = PBXFileReference; lastKnownFileType = sourcecode.swift; path = SceneDelegate.swift; sourceTree = "<group>"; };
		DD23C6DA2CE62B01003707CC /* Validator.swift */ = {isa = PBXFileReference; lastKnownFileType = sourcecode.swift; path = Validator.swift; sourceTree = "<group>"; };
		DD3E57FB2CCFD5BC003AE655 /* HomeScreen.swift */ = {isa = PBXFileReference; lastKnownFileType = sourcecode.swift; path = HomeScreen.swift; sourceTree = "<group>"; };
		DD3E57FD2CCFD797003AE655 /* HomeVC.swift */ = {isa = PBXFileReference; lastKnownFileType = sourcecode.swift; path = HomeVC.swift; sourceTree = "<group>"; };
		DD4312792CBD5939006B5862 /* swift-firebase-auth.app */ = {isa = PBXFileReference; explicitFileType = wrapper.application; includeInIndex = 0; path = "swift-firebase-auth.app"; sourceTree = BUILT_PRODUCTS_DIR; };
		DD52C9D12CE62017002F8FE7 /* AlertManager.swift */ = {isa = PBXFileReference; lastKnownFileType = sourcecode.swift; path = AlertManager.swift; sourceTree = "<group>"; };
		DD7A9DA22CE9B4EB002E0F1A /* User.swift */ = {isa = PBXFileReference; lastKnownFileType = sourcecode.swift; path = User.swift; sourceTree = "<group>"; };
		DD97E7702CC15A1B000CADEE /* SignInUserRequest.swift */ = {isa = PBXFileReference; lastKnownFileType = sourcecode.swift; path = SignInUserRequest.swift; sourceTree = "<group>"; };
		DD98FF762CBFFD630077487C /* AuthService.swift */ = {isa = PBXFileReference; lastKnownFileType = sourcecode.swift; path = AuthService.swift; sourceTree = "<group>"; };
		DD98FF7A2CBFFE910077487C /* RegisterUserRequest.swift */ = {isa = PBXFileReference; lastKnownFileType = sourcecode.swift; path = RegisterUserRequest.swift; sourceTree = "<group>"; };
		DDCA518F2CC687490040868E /* SignUpScreen.swift */ = {isa = PBXFileReference; lastKnownFileType = sourcecode.swift; path = SignUpScreen.swift; sourceTree = "<group>"; };
		DDCA51912CC687D40040868E /* SignUpVC.swift */ = {isa = PBXFileReference; lastKnownFileType = sourcecode.swift; path = SignUpVC.swift; sourceTree = "<group>"; };
		DDD839E72CC6B6170053CF48 /* RecoveryPasswordScreen.swift */ = {isa = PBXFileReference; lastKnownFileType = sourcecode.swift; path = RecoveryPasswordScreen.swift; sourceTree = "<group>"; };
		DDD839E92CC6B7520053CF48 /* RecoveryPasswordVC.swift */ = {isa = PBXFileReference; lastKnownFileType = sourcecode.swift; path = RecoveryPasswordVC.swift; sourceTree = "<group>"; };
		EE4EDB1D2224CAD88E8AD1D6 /* Pods-swift-firebase-auth.release.xcconfig */ = {isa = PBXFileReference; includeInIndex = 1; lastKnownFileType = text.xcconfig; name = "Pods-swift-firebase-auth.release.xcconfig"; path = "Target Support Files/Pods-swift-firebase-auth/Pods-swift-firebase-auth.release.xcconfig"; sourceTree = "<group>"; };
/* End PBXFileReference section */

/* Begin PBXFrameworksBuildPhase section */
		DD4312762CBD5939006B5862 /* Frameworks */ = {
			isa = PBXFrameworksBuildPhase;
			buildActionMask = 2147483647;
			files = (
				4B6E64C4F6112F59AEEA7AA9 /* Pods_swift_firebase_auth.framework in Frameworks */,
			);
			runOnlyForDeploymentPostprocessing = 0;
		};
/* End PBXFrameworksBuildPhase section */

/* Begin PBXGroup section */
		3226A3DFC5D07F9A7B9081E1 /* Pods */ = {
			isa = PBXGroup;
			children = (
				D9050020F32E957B8BF29BEC /* Pods-swift-firebase-auth.debug.xcconfig */,
				EE4EDB1D2224CAD88E8AD1D6 /* Pods-swift-firebase-auth.release.xcconfig */,
			);
			path = Pods;
			sourceTree = "<group>";
		};
		DC637DD5CB0388AC08EE1E46 /* Frameworks */ = {
			isa = PBXGroup;
			children = (
				B6C441C6E5E5BE67D80DA5B1 /* Pods_swift_firebase_auth.framework */,
			);
			name = Frameworks;
			sourceTree = "<group>";
		};
		DD22A6052CBFF36C0097C759 /* swift-firebase-auth */ = {
			isa = PBXGroup;
			children = (
				DD98FF762CBFFD630077487C /* AuthService.swift */,
				DD52C9D12CE62017002F8FE7 /* AlertManager.swift */,
				DD98FF782CBFFE620077487C /* Models */,
				DD98FF752CBFFC2B0077487C /* Views */,
				DD98FF742CBFFC1C0077487C /* Controllers */,
				DD22A5FF2CBFF36C0097C759 /* Assets.xcassets */,
				DD22A6002CBFF36C0097C759 /* GoogleService-Info.plist */,
				DD22A6012CBFF36C0097C759 /* Info.plist */,
				DD22A5FE2CBFF36C0097C759 /* AppDelegate.swift */,
				DD22A6042CBFF36C0097C759 /* SceneDelegate.swift */,
				DD23C6DA2CE62B01003707CC /* Validator.swift */,
			);
			path = "swift-firebase-auth";
			sourceTree = "<group>";
		};
		DD4312702CBD5939006B5862 = {
			isa = PBXGroup;
			children = (
				DD22A6052CBFF36C0097C759 /* swift-firebase-auth */,
				DD43127A2CBD5939006B5862 /* Products */,
				3226A3DFC5D07F9A7B9081E1 /* Pods */,
				DC637DD5CB0388AC08EE1E46 /* Frameworks */,
			);
			sourceTree = "<group>";
		};
		DD43127A2CBD5939006B5862 /* Products */ = {
			isa = PBXGroup;
			children = (
				DD4312792CBD5939006B5862 /* swift-firebase-auth.app */,
			);
			name = Products;
			sourceTree = "<group>";
		};
		DD98FF742CBFFC1C0077487C /* Controllers */ = {
			isa = PBXGroup;
			children = (
				DD22A6032CBFF36C0097C759 /* LoginVC.swift */,
				DDCA51912CC687D40040868E /* SignUpVC.swift */,
				DDD839E92CC6B7520053CF48 /* RecoveryPasswordVC.swift */,
				DD3E57FD2CCFD797003AE655 /* HomeVC.swift */,
			);
			path = Controllers;
			sourceTree = "<group>";
		};
		DD98FF752CBFFC2B0077487C /* Views */ = {
			isa = PBXGroup;
			children = (
				DD22A6022CBFF36C0097C759 /* LoginScreen.swift */,
				DDCA518F2CC687490040868E /* SignUpScreen.swift */,
				DDD839E72CC6B6170053CF48 /* RecoveryPasswordScreen.swift */,
				DD3E57FB2CCFD5BC003AE655 /* HomeScreen.swift */,
			);
			path = Views;
			sourceTree = "<group>";
		};
		DD98FF782CBFFE620077487C /* Models */ = {
			isa = PBXGroup;
			children = (
				DD98FF7A2CBFFE910077487C /* RegisterUserRequest.swift */,
				DD97E7702CC15A1B000CADEE /* SignInUserRequest.swift */,
				DD7A9DA22CE9B4EB002E0F1A /* User.swift */,
			);
			path = Models;
			sourceTree = "<group>";
		};
/* End PBXGroup section */

/* Begin PBXNativeTarget section */
		DD4312782CBD5939006B5862 /* swift-firebase-auth */ = {
			isa = PBXNativeTarget;
			buildConfigurationList = DD43128C2CBD593B006B5862 /* Build configuration list for PBXNativeTarget "swift-firebase-auth" */;
			buildPhases = (
				D4365BF441CEF29602F5D0D8 /* [CP] Check Pods Manifest.lock */,
				DD4312752CBD5939006B5862 /* Sources */,
				DD4312762CBD5939006B5862 /* Frameworks */,
				DD4312772CBD5939006B5862 /* Resources */,
				06B81D6C4D3817B86758E354 /* [CP] Embed Pods Frameworks */,
			);
			buildRules = (
			);
			dependencies = (
			);
			name = "swift-firebase-auth";
			productName = "swift-firebase-auth";
			productReference = DD4312792CBD5939006B5862 /* swift-firebase-auth.app */;
			productType = "com.apple.product-type.application";
		};
/* End PBXNativeTarget section */

/* Begin PBXProject section */
		DD4312712CBD5939006B5862 /* Project object */ = {
			isa = PBXProject;
			attributes = {
				BuildIndependentTargetsInParallel = 1;
				LastSwiftUpdateCheck = 1600;
				LastUpgradeCheck = 1600;
				TargetAttributes = {
					DD4312782CBD5939006B5862 = {
						CreatedOnToolsVersion = 16.0;
					};
				};
			};
			buildConfigurationList = DD4312742CBD5939006B5862 /* Build configuration list for PBXProject "swift-firebase-auth" */;
			compatibilityVersion = "Xcode 14.0";
			developmentRegion = en;
			hasScannedForEncodings = 0;
			knownRegions = (
				en,
				Base,
			);
			mainGroup = DD4312702CBD5939006B5862;
			productRefGroup = DD43127A2CBD5939006B5862 /* Products */;
			projectDirPath = "";
			projectRoot = "";
			targets = (
				DD4312782CBD5939006B5862 /* swift-firebase-auth */,
			);
		};
/* End PBXProject section */

/* Begin PBXResourcesBuildPhase section */
		DD4312772CBD5939006B5862 /* Resources */ = {
			isa = PBXResourcesBuildPhase;
			buildActionMask = 2147483647;
			files = (
				DD22A60A2CBFF36C0097C759 /* Assets.xcassets in Resources */,
				DD22A60B2CBFF36C0097C759 /* GoogleService-Info.plist in Resources */,
			);
			runOnlyForDeploymentPostprocessing = 0;
		};
/* End PBXResourcesBuildPhase section */

/* Begin PBXShellScriptBuildPhase section */
		06B81D6C4D3817B86758E354 /* [CP] Embed Pods Frameworks */ = {
			isa = PBXShellScriptBuildPhase;
			buildActionMask = 2147483647;
			files = (
			);
			inputFileListPaths = (
				"${PODS_ROOT}/Target Support Files/Pods-swift-firebase-auth/Pods-swift-firebase-auth-frameworks-${CONFIGURATION}-input-files.xcfilelist",
			);
			name = "[CP] Embed Pods Frameworks";
			outputFileListPaths = (
				"${PODS_ROOT}/Target Support Files/Pods-swift-firebase-auth/Pods-swift-firebase-auth-frameworks-${CONFIGURATION}-output-files.xcfilelist",
			);
			runOnlyForDeploymentPostprocessing = 0;
			shellPath = /bin/sh;
			shellScript = "\"${PODS_ROOT}/Target Support Files/Pods-swift-firebase-auth/Pods-swift-firebase-auth-frameworks.sh\"\n";
			showEnvVarsInLog = 0;
		};
		D4365BF441CEF29602F5D0D8 /* [CP] Check Pods Manifest.lock */ = {
			isa = PBXShellScriptBuildPhase;
			buildActionMask = 2147483647;
			files = (
			);
			inputFileListPaths = (
			);
			inputPaths = (
				"${PODS_PODFILE_DIR_PATH}/Podfile.lock",
				"${PODS_ROOT}/Manifest.lock",
			);
			name = "[CP] Check Pods Manifest.lock";
			outputFileListPaths = (
			);
			outputPaths = (
				"$(DERIVED_FILE_DIR)/Pods-swift-firebase-auth-checkManifestLockResult.txt",
			);
			runOnlyForDeploymentPostprocessing = 0;
			shellPath = /bin/sh;
			shellScript = "diff \"${PODS_PODFILE_DIR_PATH}/Podfile.lock\" \"${PODS_ROOT}/Manifest.lock\" > /dev/null\nif [ $? != 0 ] ; then\n    # print error to STDERR\n    echo \"error: The sandbox is not in sync with the Podfile.lock. Run 'pod install' or update your CocoaPods installation.\" >&2\n    exit 1\nfi\n# This output is used by Xcode 'outputs' to avoid re-running this script phase.\necho \"SUCCESS\" > \"${SCRIPT_OUTPUT_FILE_0}\"\n";
			showEnvVarsInLog = 0;
		};
/* End PBXShellScriptBuildPhase section */

/* Begin PBXSourcesBuildPhase section */
		DD4312752CBD5939006B5862 /* Sources */ = {
			isa = PBXSourcesBuildPhase;
			buildActionMask = 2147483647;
			files = (
				DDD839EA2CC6B7520053CF48 /* RecoveryPasswordVC.swift in Sources */,
				DD22A6062CBFF36C0097C759 /* AppDelegate.swift in Sources */,
				DDCA51922CC687D40040868E /* SignUpVC.swift in Sources */,
				DD22A6072CBFF36C0097C759 /* LoginScreen.swift in Sources */,
				DD7A9DA32CE9B4EB002E0F1A /* User.swift in Sources */,
				DD3E57FE2CCFD797003AE655 /* HomeVC.swift in Sources */,
				DD98FF772CBFFD630077487C /* AuthService.swift in Sources */,
				DDD839E82CC6B6170053CF48 /* RecoveryPasswordScreen.swift in Sources */,
				DD23C6DB2CE62B01003707CC /* Validator.swift in Sources */,
				DDCA51902CC687490040868E /* SignUpScreen.swift in Sources */,
				DD98FF7B2CBFFE910077487C /* RegisterUserRequest.swift in Sources */,
				DD3E57FC2CCFD5BC003AE655 /* HomeScreen.swift in Sources */,
				DD97E7712CC15A1B000CADEE /* SignInUserRequest.swift in Sources */,
				DD22A6082CBFF36C0097C759 /* LoginVC.swift in Sources */,
				DD52C9D22CE62017002F8FE7 /* AlertManager.swift in Sources */,
				DD22A6092CBFF36C0097C759 /* SceneDelegate.swift in Sources */,
			);
			runOnlyForDeploymentPostprocessing = 0;
		};
/* End PBXSourcesBuildPhase section */

/* Begin XCBuildConfiguration section */
		DD43128D2CBD593B006B5862 /* Debug */ = {
			isa = XCBuildConfiguration;
			baseConfigurationReference = D9050020F32E957B8BF29BEC /* Pods-swift-firebase-auth.debug.xcconfig */;
			buildSettings = {
				ASSETCATALOG_COMPILER_APPICON_NAME = AppIcon;
				ASSETCATALOG_COMPILER_GLOBAL_ACCENT_COLOR_NAME = AccentColor;
				CODE_SIGN_STYLE = Automatic;
				CURRENT_PROJECT_VERSION = 1;
				DEVELOPMENT_TEAM = VZPGBX49QZ;
				ENABLE_USER_SCRIPT_SANDBOXING = NO;
				GENERATE_INFOPLIST_FILE = YES;
				INFOPLIST_FILE = "swift-firebase-auth/Info.plist";
				INFOPLIST_KEY_UIApplicationSupportsIndirectInputEvents = YES;
				INFOPLIST_KEY_UILaunchStoryboardName = LaunchScreen;
				INFOPLIST_KEY_UISupportedInterfaceOrientations_iPad = "UIInterfaceOrientationPortrait UIInterfaceOrientationPortraitUpsideDown UIInterfaceOrientationLandscapeLeft UIInterfaceOrientationLandscapeRight";
				INFOPLIST_KEY_UISupportedInterfaceOrientations_iPhone = "UIInterfaceOrientationPortrait UIInterfaceOrientationLandscapeLeft UIInterfaceOrientationLandscapeRight";
				LD_RUNPATH_SEARCH_PATHS = (
					"$(inherited)",
					"@executable_path/Frameworks",
				);
				MARKETING_VERSION = 1.0;
				PRODUCT_BUNDLE_IDENTIFIER = "edintwi.swift-firebase-auth";
				PRODUCT_NAME = "$(TARGET_NAME)";
				SWIFT_EMIT_LOC_STRINGS = YES;
				SWIFT_VERSION = 5.0;
				TARGETED_DEVICE_FAMILY = "1,2";
			};
			name = Debug;
		};
		DD43128E2CBD593B006B5862 /* Release */ = {
			isa = XCBuildConfiguration;
			baseConfigurationReference = EE4EDB1D2224CAD88E8AD1D6 /* Pods-swift-firebase-auth.release.xcconfig */;
			buildSettings = {
				ASSETCATALOG_COMPILER_APPICON_NAME = AppIcon;
				ASSETCATALOG_COMPILER_GLOBAL_ACCENT_COLOR_NAME = AccentColor;
				CODE_SIGN_STYLE = Automatic;
				CURRENT_PROJECT_VERSION = 1;
				DEVELOPMENT_TEAM = VZPGBX49QZ;
				ENABLE_USER_SCRIPT_SANDBOXING = NO;
				GENERATE_INFOPLIST_FILE = YES;
				INFOPLIST_FILE = "swift-firebase-auth/Info.plist";
				INFOPLIST_KEY_UIApplicationSupportsIndirectInputEvents = YES;
				INFOPLIST_KEY_UILaunchStoryboardName = LaunchScreen;
				INFOPLIST_KEY_UISupportedInterfaceOrientations_iPad = "UIInterfaceOrientationPortrait UIInterfaceOrientationPortraitUpsideDown UIInterfaceOrientationLandscapeLeft UIInterfaceOrientationLandscapeRight";
				INFOPLIST_KEY_UISupportedInterfaceOrientations_iPhone = "UIInterfaceOrientationPortrait UIInterfaceOrientationLandscapeLeft UIInterfaceOrientationLandscapeRight";
				LD_RUNPATH_SEARCH_PATHS = (
					"$(inherited)",
					"@executable_path/Frameworks",
				);
				MARKETING_VERSION = 1.0;
				PRODUCT_BUNDLE_IDENTIFIER = "edintwi.swift-firebase-auth";
				PRODUCT_NAME = "$(TARGET_NAME)";
				SWIFT_EMIT_LOC_STRINGS = YES;
				SWIFT_VERSION = 5.0;
				TARGETED_DEVICE_FAMILY = "1,2";
			};
			name = Release;
		};
		DD43128F2CBD593B006B5862 /* Debug */ = {
			isa = XCBuildConfiguration;
			buildSettings = {
				ALWAYS_SEARCH_USER_PATHS = NO;
				ASSETCATALOG_COMPILER_GENERATE_SWIFT_ASSET_SYMBOL_EXTENSIONS = YES;
				CLANG_ANALYZER_NONNULL = YES;
				CLANG_ANALYZER_NUMBER_OBJECT_CONVERSION = YES_AGGRESSIVE;
				CLANG_CXX_LANGUAGE_STANDARD = "gnu++20";
				CLANG_ENABLE_MODULES = YES;
				CLANG_ENABLE_OBJC_ARC = YES;
				CLANG_ENABLE_OBJC_WEAK = YES;
				CLANG_WARN_BLOCK_CAPTURE_AUTORELEASING = YES;
				CLANG_WARN_BOOL_CONVERSION = YES;
				CLANG_WARN_COMMA = YES;
				CLANG_WARN_CONSTANT_CONVERSION = YES;
				CLANG_WARN_DEPRECATED_OBJC_IMPLEMENTATIONS = YES;
				CLANG_WARN_DIRECT_OBJC_ISA_USAGE = YES_ERROR;
				CLANG_WARN_DOCUMENTATION_COMMENTS = YES;
				CLANG_WARN_EMPTY_BODY = YES;
				CLANG_WARN_ENUM_CONVERSION = YES;
				CLANG_WARN_INFINITE_RECURSION = YES;
				CLANG_WARN_INT_CONVERSION = YES;
				CLANG_WARN_NON_LITERAL_NULL_CONVERSION = YES;
				CLANG_WARN_OBJC_IMPLICIT_RETAIN_SELF = YES;
				CLANG_WARN_OBJC_LITERAL_CONVERSION = YES;
				CLANG_WARN_OBJC_ROOT_CLASS = YES_ERROR;
				CLANG_WARN_QUOTED_INCLUDE_IN_FRAMEWORK_HEADER = YES;
				CLANG_WARN_RANGE_LOOP_ANALYSIS = YES;
				CLANG_WARN_STRICT_PROTOTYPES = YES;
				CLANG_WARN_SUSPICIOUS_MOVE = YES;
				CLANG_WARN_UNGUARDED_AVAILABILITY = YES_AGGRESSIVE;
				CLANG_WARN_UNREACHABLE_CODE = YES;
				CLANG_WARN__DUPLICATE_METHOD_MATCH = YES;
				COPY_PHASE_STRIP = NO;
				DEBUG_INFORMATION_FORMAT = dwarf;
				ENABLE_STRICT_OBJC_MSGSEND = YES;
				ENABLE_TESTABILITY = YES;
				ENABLE_USER_SCRIPT_SANDBOXING = YES;
				GCC_C_LANGUAGE_STANDARD = gnu17;
				GCC_DYNAMIC_NO_PIC = NO;
				GCC_NO_COMMON_BLOCKS = YES;
				GCC_OPTIMIZATION_LEVEL = 0;
				GCC_PREPROCESSOR_DEFINITIONS = (
					"DEBUG=1",
					"$(inherited)",
				);
				GCC_WARN_64_TO_32_BIT_CONVERSION = YES;
				GCC_WARN_ABOUT_RETURN_TYPE = YES_ERROR;
				GCC_WARN_UNDECLARED_SELECTOR = YES;
				GCC_WARN_UNINITIALIZED_AUTOS = YES_AGGRESSIVE;
				GCC_WARN_UNUSED_FUNCTION = YES;
				GCC_WARN_UNUSED_VARIABLE = YES;
				IPHONEOS_DEPLOYMENT_TARGET = 18.0;
				LOCALIZATION_PREFERS_STRING_CATALOGS = YES;
				MTL_ENABLE_DEBUG_INFO = INCLUDE_SOURCE;
				MTL_FAST_MATH = YES;
				ONLY_ACTIVE_ARCH = YES;
				SDKROOT = iphoneos;
				SWIFT_ACTIVE_COMPILATION_CONDITIONS = "DEBUG $(inherited)";
				SWIFT_OPTIMIZATION_LEVEL = "-Onone";
			};
			name = Debug;
		};
		DD4312902CBD593B006B5862 /* Release */ = {
			isa = XCBuildConfiguration;
			buildSettings = {
				ALWAYS_SEARCH_USER_PATHS = NO;
				ASSETCATALOG_COMPILER_GENERATE_SWIFT_ASSET_SYMBOL_EXTENSIONS = YES;
				CLANG_ANALYZER_NONNULL = YES;
				CLANG_ANALYZER_NUMBER_OBJECT_CONVERSION = YES_AGGRESSIVE;
				CLANG_CXX_LANGUAGE_STANDARD = "gnu++20";
				CLANG_ENABLE_MODULES = YES;
				CLANG_ENABLE_OBJC_ARC = YES;
				CLANG_ENABLE_OBJC_WEAK = YES;
				CLANG_WARN_BLOCK_CAPTURE_AUTORELEASING = YES;
				CLANG_WARN_BOOL_CONVERSION = YES;
				CLANG_WARN_COMMA = YES;
				CLANG_WARN_CONSTANT_CONVERSION = YES;
				CLANG_WARN_DEPRECATED_OBJC_IMPLEMENTATIONS = YES;
				CLANG_WARN_DIRECT_OBJC_ISA_USAGE = YES_ERROR;
				CLANG_WARN_DOCUMENTATION_COMMENTS = YES;
				CLANG_WARN_EMPTY_BODY = YES;
				CLANG_WARN_ENUM_CONVERSION = YES;
				CLANG_WARN_INFINITE_RECURSION = YES;
				CLANG_WARN_INT_CONVERSION = YES;
				CLANG_WARN_NON_LITERAL_NULL_CONVERSION = YES;
				CLANG_WARN_OBJC_IMPLICIT_RETAIN_SELF = YES;
				CLANG_WARN_OBJC_LITERAL_CONVERSION = YES;
				CLANG_WARN_OBJC_ROOT_CLASS = YES_ERROR;
				CLANG_WARN_QUOTED_INCLUDE_IN_FRAMEWORK_HEADER = YES;
				CLANG_WARN_RANGE_LOOP_ANALYSIS = YES;
				CLANG_WARN_STRICT_PROTOTYPES = YES;
				CLANG_WARN_SUSPICIOUS_MOVE = YES;
				CLANG_WARN_UNGUARDED_AVAILABILITY = YES_AGGRESSIVE;
				CLANG_WARN_UNREACHABLE_CODE = YES;
				CLANG_WARN__DUPLICATE_METHOD_MATCH = YES;
				COPY_PHASE_STRIP = NO;
				DEBUG_INFORMATION_FORMAT = "dwarf-with-dsym";
				ENABLE_NS_ASSERTIONS = NO;
				ENABLE_STRICT_OBJC_MSGSEND = YES;
				ENABLE_USER_SCRIPT_SANDBOXING = YES;
				GCC_C_LANGUAGE_STANDARD = gnu17;
				GCC_NO_COMMON_BLOCKS = YES;
				GCC_WARN_64_TO_32_BIT_CONVERSION = YES;
				GCC_WARN_ABOUT_RETURN_TYPE = YES_ERROR;
				GCC_WARN_UNDECLARED_SELECTOR = YES;
				GCC_WARN_UNINITIALIZED_AUTOS = YES_AGGRESSIVE;
				GCC_WARN_UNUSED_FUNCTION = YES;
				GCC_WARN_UNUSED_VARIABLE = YES;
				IPHONEOS_DEPLOYMENT_TARGET = 18.0;
				LOCALIZATION_PREFERS_STRING_CATALOGS = YES;
				MTL_ENABLE_DEBUG_INFO = NO;
				MTL_FAST_MATH = YES;
				SDKROOT = iphoneos;
				SWIFT_COMPILATION_MODE = wholemodule;
				VALIDATE_PRODUCT = YES;
			};
			name = Release;
		};
/* End XCBuildConfiguration section */

/* Begin XCConfigurationList section */
		DD4312742CBD5939006B5862 /* Build configuration list for PBXProject "swift-firebase-auth" */ = {
			isa = XCConfigurationList;
			buildConfigurations = (
				DD43128F2CBD593B006B5862 /* Debug */,
				DD4312902CBD593B006B5862 /* Release */,
			);
			defaultConfigurationIsVisible = 0;
			defaultConfigurationName = Release;
		};
		DD43128C2CBD593B006B5862 /* Build configuration list for PBXNativeTarget "swift-firebase-auth" */ = {
			isa = XCConfigurationList;
			buildConfigurations = (
				DD43128D2CBD593B006B5862 /* Debug */,
				DD43128E2CBD593B006B5862 /* Release */,
			);
			defaultConfigurationIsVisible = 0;
			defaultConfigurationName = Release;
		};
/* End XCConfigurationList section */
	};
	rootObject = DD4312712CBD5939006B5862 /* Project object */;
}
